
Microsoft Visual Studio Solution File, Format Version 12.00
# Visual Studio Version 17
VisualStudioVersion = 17.1.32210.238
MinimumVisualStudioVersion = 10.0.40219.1
Project("{FAE04EC0-301F-11D3-BF4B-00C04F79EFBC}") = "WordsCounterAP", "WordsCounterAP\WordsCounterAP.csproj", "{64D08E8D-4455-4AA1-905F-7873F2D3EBD6}"
	ProjectSection(ProjectDependencies) = postProject
		{B40CC82B-88AA-4A17-A1AD-D353B7D63E27} = {B40CC82B-88AA-4A17-A1AD-D353B7D63E27}
	EndProjectSection
EndProject
Project("{FAE04EC0-301F-11D3-BF4B-00C04F79EFBC}") = "TextFileParser", "TextFileParser\TextFileParser.csproj", "{B40CC82B-88AA-4A17-A1AD-D353B7D63E27}"
EndProject
Global
	GlobalSection(SolutionConfigurationPlatforms) = preSolution
		Debug|Any CPU = Debug|Any CPU
		Release|Any CPU = Release|Any CPU
	EndGlobalSection
	GlobalSection(ProjectConfigurationPlatforms) = postSolution
		{64D08E8D-4455-4AA1-905F-7873F2D3EBD6}.Debug|Any CPU.ActiveCfg = Debug|Any CPU
		{64D08E8D-4455-4AA1-905F-7873F2D3EBD6}.Debug|Any CPU.Build.0 = Debug|Any CPU
		{64D08E8D-4455-4AA1-905F-7873F2D3EBD6}.Release|Any CPU.ActiveCfg = Release|Any CPU
		{64D08E8D-4455-4AA1-905F-7873F2D3EBD6}.Release|Any CPU.Build.0 = Release|Any CPU
		{B40CC82B-88AA-4A17-A1AD-D353B7D63E27}.Debug|Any CPU.ActiveCfg = Debug|Any CPU
		{B40CC82B-88AA-4A17-A1AD-D353B7D63E27}.Debug|Any CPU.Build.0 = Debug|Any CPU
		{B40CC82B-88AA-4A17-A1AD-D353B7D63E27}.Release|Any CPU.ActiveCfg = Release|Any CPU
		{B40CC82B-88AA-4A17-A1AD-D353B7D63E27}.Release|Any CPU.Build.0 = Release|Any CPU
	EndGlobalSection
	GlobalSection(SolutionProperties) = preSolution
		HideSolutionNode = FALSE
	EndGlobalSection
	GlobalSection(ExtensibilityGlobals) = postSolution
		SolutionGuid = {7947BC57-A01C-449D-9DFF-F42F0EE79ED7}
	EndGlobalSection
EndGlobal
